{
  "originHash" : "ddbc2ffc251c7f92bbb53fc53841c8886b27c37b25812cf583a6738ab5254a25",
  "pins" : [
    {
      "identity" : "blink-core",
      "kind" : "remoteSourceControl",
      "location" : "git@github-d4g4:D4G4/blink-core.git",
      "state" : {
        "revision" : "5b117fab6c96fdaaa1b433684ec950f5f73f5f14",
        "version" : "1.7.0"
      }
    }
  ],
  "version" : 3
}
