{
  "originHash" : "1b2e6a71047b7a2ca39ae1bc9e51335f20c1eaea3691a64281fc6e8df780b2a9",
  "pins" : [
    {
      "identity" : "blink-core",
      "kind" : "remoteSourceControl",
      "location" : "https://github.com/D4G4/blink-core.git",
      "state" : {
        "revision" : "01d60f14407ac5e375fb185a1ea6e430328a29d6",
        "version" : "2.8.0"
      }
    },
    {
      "identity" : "sparkle",
      "kind" : "remoteSourceControl",
      "location" : "https://github.com/sparkle-project/Sparkle",
      "state" : {
        "revision" : "6276ba2b404829d139c45ff98427cf90e2efc59b",
        "version" : "2.9.2"
      }
    }
  ],
  "version" : 3
}
